
Microsoft Visual Studio Solution File, Format Version 12.00
# Visual Studio 16
Project("{FAE04EC0-301F-11D3-BF4B-00C04F79EFBC}") = "Assembly-CSharp", "Assembly-CSharp.csproj", "{5A1441A7-306B-1BDC-6F05-BA296A1515D5}"
EndProject
Project("{FAE04EC0-301F-11D3-BF4B-00C04F79EFBC}") = "PathCreator", "PathCreator.csproj", "{E975CDFC-7535-63D7-9D3A-B0A61556A6C1}"
EndProject
Project("{FAE04EC0-301F-11D3-BF4B-00C04F79EFBC}") = "PathCreatorEditor", "PathCreatorEditor.csproj", "{D41F877D-CE88-DD23-DD40-1F2BF420C9D0}"
EndProject
Project("{FAE04EC0-301F-11D3-BF4B-00C04F79EFBC}") = "Assembly-CSharp-Editor", "Assembly-CSharp-Editor.csproj", "{0E5084EA-F5AE-63A0-4B0D-3DA35F27A941}"
EndProject
Global
	GlobalSection(SolutionConfigurationPlatforms) = preSolution
		Debug|Any CPU = Debug|Any CPU
		Release|Any CPU = Release|Any CPU
	EndGlobalSection
	GlobalSection(ProjectConfigurationPlatforms) = postSolution
		{5A1441A7-306B-1BDC-6F05-BA296A1515D5}.Debug|Any CPU.ActiveCfg = Debug|Any CPU
		{5A1441A7-306B-1BDC-6F05-BA296A1515D5}.Debug|Any CPU.Build.0 = Debug|Any CPU
		{5A1441A7-306B-1BDC-6F05-BA296A1515D5}.Release|Any CPU.ActiveCfg = Release|Any CPU
		{5A1441A7-306B-1BDC-6F05-BA296A1515D5}.Release|Any CPU.Build.0 = Release|Any CPU
		{E975CDFC-7535-63D7-9D3A-B0A61556A6C1}.Debug|Any CPU.ActiveCfg = Debug|Any CPU
		{E975CDFC-7535-63D7-9D3A-B0A61556A6C1}.Debug|Any CPU.Build.0 = Debug|Any CPU
		{E975CDFC-7535-63D7-9D3A-B0A61556A6C1}.Release|Any CPU.ActiveCfg = Release|Any CPU
		{E975CDFC-7535-63D7-9D3A-B0A61556A6C1}.Release|Any CPU.Build.0 = Release|Any CPU
		{D41F877D-CE88-DD23-DD40-1F2BF420C9D0}.Debug|Any CPU.ActiveCfg = Debug|Any CPU
		{D41F877D-CE88-DD23-DD40-1F2BF420C9D0}.Debug|Any CPU.Build.0 = Debug|Any CPU
		{D41F877D-CE88-DD23-DD40-1F2BF420C9D0}.Release|Any CPU.ActiveCfg = Release|Any CPU
		{D41F877D-CE88-DD23-DD40-1F2BF420C9D0}.Release|Any CPU.Build.0 = Release|Any CPU
		{0E5084EA-F5AE-63A0-4B0D-3DA35F27A941}.Debug|Any CPU.ActiveCfg = Debug|Any CPU
		{0E5084EA-F5AE-63A0-4B0D-3DA35F27A941}.Debug|Any CPU.Build.0 = Debug|Any CPU
		{0E5084EA-F5AE-63A0-4B0D-3DA35F27A941}.Release|Any CPU.ActiveCfg = Release|Any CPU
		{0E5084EA-F5AE-63A0-4B0D-3DA35F27A941}.Release|Any CPU.Build.0 = Release|Any CPU
	EndGlobalSection
	GlobalSection(SolutionProperties) = preSolution
		HideSolutionNode = FALSE
	EndGlobalSection
EndGlobal
